Microsoft Visual Studio Solution File, Format Version 12.00
# Visual Studio Version 16
VisualStudioVersion = 16.0.0.0
MinimumVisualStudioVersion = 16.0.0.0
Project("{9A19103F-16F7-4668-BE54-9A1E7A4F7556}") = "BlazingChat.Server", "Server\BlazingChat.Server.csproj", "{41A51DA5-3D5A-4AB9-9B65-B080C22D5C0F}"
EndProject
Project("{9A19103F-16F7-4668-BE54-9A1E7A4F7556}") = "BlazingChat.Client", "Client\BlazingChat.Client.csproj", "{7BA35B23-0A70-4009-9A16-1E074826BE11}"
EndProject
Project("{9A19103F-16F7-4668-BE54-9A1E7A4F7556}") = "BlazingChat.Shared", "Shared\BlazingChat.Shared.csproj", "{D62D97F4-0602-47BF-BC89-1D6113741F81}"
EndProject
Global
	GlobalSection(SolutionConfigurationPlatforms) = preSolution
		Debug|Any CPU = Debug|Any CPU
		Debug|x64 = Debug|x64
		Debug|x86 = Debug|x86
		Release|Any CPU = Release|Any CPU
		Release|x64 = Release|x64
		Release|x86 = Release|x86
	EndGlobalSection
	GlobalSection(ProjectConfigurationPlatforms) = postSolution
		{7BA35B23-0A70-4009-9A16-1E074826BE11}.Debug|Any CPU.ActiveCfg = Debug|Any CPU
		{7BA35B23-0A70-4009-9A16-1E074826BE11}.Debug|Any CPU.Build.0 = Debug|Any CPU
		{7BA35B23-0A70-4009-9A16-1E074826BE11}.Debug|x64.ActiveCfg = Debug|Any CPU
		{7BA35B23-0A70-4009-9A16-1E074826BE11}.Debug|x64.Build.0 = Debug|Any CPU
		{7BA35B23-0A70-4009-9A16-1E074826BE11}.Debug|x86.ActiveCfg = Debug|Any CPU
		{7BA35B23-0A70-4009-9A16-1E074826BE11}.Debug|x86.Build.0 = Debug|Any CPU
		{7BA35B23-0A70-4009-9A16-1E074826BE11}.Release|Any CPU.ActiveCfg = Release|Any CPU
		{7BA35B23-0A70-4009-9A16-1E074826BE11}.Release|Any CPU.Build.0 = Release|Any CPU
		{7BA35B23-0A70-4009-9A16-1E074826BE11}.Release|x64.ActiveCfg = Release|Any CPU
		{7BA35B23-0A70-4009-9A16-1E074826BE11}.Release|x64.Build.0 = Release|Any CPU
		{7BA35B23-0A70-4009-9A16-1E074826BE11}.Release|x86.ActiveCfg = Release|Any CPU
		{7BA35B23-0A70-4009-9A16-1E074826BE11}.Release|x86.Build.0 = Release|Any CPU
		{41A51DA5-3D5A-4AB9-9B65-B080C22D5C0F}.Debug|Any CPU.ActiveCfg = Debug|Any CPU
		{41A51DA5-3D5A-4AB9-9B65-B080C22D5C0F}.Debug|Any CPU.Build.0 = Debug|Any CPU
		{41A51DA5-3D5A-4AB9-9B65-B080C22D5C0F}.Debug|x64.ActiveCfg = Debug|Any CPU
		{41A51DA5-3D5A-4AB9-9B65-B080C22D5C0F}.Debug|x64.Build.0 = Debug|Any CPU
		{41A51DA5-3D5A-4AB9-9B65-B080C22D5C0F}.Debug|x86.ActiveCfg = Debug|Any CPU
		{41A51DA5-3D5A-4AB9-9B65-B080C22D5C0F}.Debug|x86.Build.0 = Debug|Any CPU
		{41A51DA5-3D5A-4AB9-9B65-B080C22D5C0F}.Release|Any CPU.ActiveCfg = Release|Any CPU
		{41A51DA5-3D5A-4AB9-9B65-B080C22D5C0F}.Release|Any CPU.Build.0 = Release|Any CPU
		{41A51DA5-3D5A-4AB9-9B65-B080C22D5C0F}.Release|x64.ActiveCfg = Release|Any CPU
		{41A51DA5-3D5A-4AB9-9B65-B080C22D5C0F}.Release|x64.Build.0 = Release|Any CPU
		{41A51DA5-3D5A-4AB9-9B65-B080C22D5C0F}.Release|x86.ActiveCfg = Release|Any CPU
		{41A51DA5-3D5A-4AB9-9B65-B080C22D5C0F}.Release|x86.Build.0 = Release|Any CPU
		{D62D97F4-0602-47BF-BC89-1D6113741F81}.Debug|Any CPU.ActiveCfg = Debug|Any CPU
		{D62D97F4-0602-47BF-BC89-1D6113741F81}.Debug|Any CPU.Build.0 = Debug|Any CPU
		{D62D97F4-0602-47BF-BC89-1D6113741F81}.Debug|x64.ActiveCfg = Debug|Any CPU
		{D62D97F4-0602-47BF-BC89-1D6113741F81}.Debug|x64.Build.0 = Debug|Any CPU
		{D62D97F4-0602-47BF-BC89-1D6113741F81}.Debug|x86.ActiveCfg = Debug|Any CPU
		{D62D97F4-0602-47BF-BC89-1D6113741F81}.Debug|x86.Build.0 = Debug|Any CPU
		{D62D97F4-0602-47BF-BC89-1D6113741F81}.Release|Any CPU.ActiveCfg = Release|Any CPU
		{D62D97F4-0602-47BF-BC89-1D6113741F81}.Release|Any CPU.Build.0 = Release|Any CPU
		{D62D97F4-0602-47BF-BC89-1D6113741F81}.Release|x64.ActiveCfg = Release|Any CPU
		{D62D97F4-0602-47BF-BC89-1D6113741F81}.Release|x64.Build.0 = Release|Any CPU
		{D62D97F4-0602-47BF-BC89-1D6113741F81}.Release|x86.ActiveCfg = Release|Any CPU
		{D62D97F4-0602-47BF-BC89-1D6113741F81}.Release|x86.Build.0 = Release|Any CPU
	EndGlobalSection
	GlobalSection(SolutionProperties) = preSolution
		HideSolutionNode = FALSE
	EndGlobalSection
	GlobalSection(ExtensibilityGlobals) = postSolution
		SolutionGuid = {22160185-EAE6-4464-97AA-F37A67592759}
	EndGlobalSection
EndGlobal